// !$*UTF8*$!
{
	archiveVersion = 1;
	classes = {
	};
	objectVersion = 51;
	objects = {

/* Begin PBXBuildFile section */
		063EDEDB22BAE97900136602 /* RootTableViewController.m in Sources */ = {isa = PBXBuildFile; fileRef = 063EDEDA22BAE97900136602 /* RootTableViewController.m */; };
		063EDEDE22BAE99900136602 /* RootTableViewCell.m in Sources */ = {isa = PBXBuildFile; fileRef = 063EDEDD22BAE99900136602 /* RootTableViewCell.m */; };
		063EDEE122BAE9D600136602 /* PlayingGameViewController.m in Sources */ = {isa = PBXBuildFile; fileRef = 063EDEE022BAE9D600136602 /* PlayingGameViewController.m */; };
		063EDEE422BAF73D00136602 /* GuessAnswersViewCell.m in Sources */ = {isa = PBXBuildFile; fileRef = 063EDEE322BAF73D00136602 /* GuessAnswersViewCell.m */; };
		06C00CE022BC83D3004AE816 /* RLMSupport.swift in Sources */ = {isa = PBXBuildFile; fileRef = 06C00CDF22BC83D2004AE816 /* RLMSupport.swift */; };
		06C00CE922BC84E3004AE816 /* RealmManager.m in Sources */ = {isa = PBXBuildFile; fileRef = 06C00CE822BC84E3004AE816 /* RealmManager.m */; };
		06C00CEC22BC85D3004AE816 /* MovieObject.m in Sources */ = {isa = PBXBuildFile; fileRef = 06C00CEB22BC85D3004AE816 /* MovieObject.m */; };
		06C00CEF22BC866D004AE816 /* Clip.m in Sources */ = {isa = PBXBuildFile; fileRef = 06C00CEE22BC866D004AE816 /* Clip.m */; };
		06C00D0622BD6548004AE816 /* movieQuotes.csv in Resources */ = {isa = PBXBuildFile; fileRef = 06C00D0522BD6548004AE816 /* movieQuotes.csv */; };
		6298879622BB355700E0E117 /* Assets.xcassets in Resources */ = {isa = PBXBuildFile; fileRef = 629A83F122BAE50D00DDAD3C /* Assets.xcassets */; };
		6298879A22BB35BB00E0E117 /* AVFoundation.framework in Frameworks */ = {isa = PBXBuildFile; fileRef = 6298879922BB35BB00E0E117 /* AVFoundation.framework */; };
		6298879C22BB35BF00E0E117 /* AVKit.framework in Frameworks */ = {isa = PBXBuildFile; fileRef = 6298879B22BB35BF00E0E117 /* AVKit.framework */; };
		6298879E22BB35CA00E0E117 /* UIKit.framework in Frameworks */ = {isa = PBXBuildFile; fileRef = 6298879D22BB35CA00E0E117 /* UIKit.framework */; };
		629887AB22BB367700E0E117 /* Avatar.mp4 in Resources */ = {isa = PBXBuildFile; fileRef = 6298879F22BB367600E0E117 /* Avatar.mp4 */; };
		629887AC22BB367700E0E117 /* Predator-3.mp4 in Resources */ = {isa = PBXBuildFile; fileRef = 629887A022BB367600E0E117 /* Predator-3.mp4 */; };
		629887AD22BB367700E0E117 /* Snakes on a Plane.mp4 in Resources */ = {isa = PBXBuildFile; fileRef = 629887A122BB367600E0E117 /* Snakes on a Plane.mp4 */; };
		629887AE22BB367700E0E117 /* Predator-1.mp4 in Resources */ = {isa = PBXBuildFile; fileRef = 629887A222BB367600E0E117 /* Predator-1.mp4 */; };
		629887AF22BB367700E0E117 /* The Big Lebowski.mp4 in Resources */ = {isa = PBXBuildFile; fileRef = 629887A322BB367600E0E117 /* The Big Lebowski.mp4 */; };
		629887B022BB367700E0E117 /* Titanic.mp4 in Resources */ = {isa = PBXBuildFile; fileRef = 629887A422BB367600E0E117 /* Titanic.mp4 */; };
		629887B122BB367700E0E117 /* Deadpool.mp4 in Resources */ = {isa = PBXBuildFile; fileRef = 629887A522BB367700E0E117 /* Deadpool.mp4 */; };
		629887B222BB367700E0E117 /* The Princess Bride.mp4 in Resources */ = {isa = PBXBuildFile; fileRef = 629887A622BB367700E0E117 /* The Princess Bride.mp4 */; };
		629887B322BB367700E0E117 /* Airplane.mp4 in Resources */ = {isa = PBXBuildFile; fileRef = 629887A722BB367700E0E117 /* Airplane.mp4 */; };
		629887B422BB367700E0E117 /* Zoolander.mp4 in Resources */ = {isa = PBXBuildFile; fileRef = 629887A822BB367700E0E117 /* Zoolander.mp4 */; };
		629887B522BB367700E0E117 /* Indiana Jones and the Last Crusade.mp4 in Resources */ = {isa = PBXBuildFile; fileRef = 629887A922BB367700E0E117 /* Indiana Jones and the Last Crusade.mp4 */; };
		629887B622BB367700E0E117 /* Predator-2.mp4 in Resources */ = {isa = PBXBuildFile; fileRef = 629887AA22BB367700E0E117 /* Predator-2.mp4 */; };
		629A83EA22BAE50D00DDAD3C /* AppDelegate.m in Sources */ = {isa = PBXBuildFile; fileRef = 629A83E922BAE50C00DDAD3C /* AppDelegate.m */; };
		629A83F022BAE50D00DDAD3C /* Main.storyboard in Resources */ = {isa = PBXBuildFile; fileRef = 629A83EE22BAE50D00DDAD3C /* Main.storyboard */; };
		629A83F522BAE50D00DDAD3C /* LaunchScreen.storyboard in Resources */ = {isa = PBXBuildFile; fileRef = 629A83F322BAE50D00DDAD3C /* LaunchScreen.storyboard */; };
		629A83F822BAE50D00DDAD3C /* main.m in Sources */ = {isa = PBXBuildFile; fileRef = 629A83F722BAE50D00DDAD3C /* main.m */; };
		62BFE55F22BAE87E00333A6B /* Movie.m in Sources */ = {isa = PBXBuildFile; fileRef = 62BFE55E22BAE87E00333A6B /* Movie.m */; };
		62BFE56222BAEB5800333A6B /* AnswerManager.m in Sources */ = {isa = PBXBuildFile; fileRef = 62BFE56022BAEB5800333A6B /* AnswerManager.m */; };
		62BFE56522BAEC7F00333A6B /* AnswerCluster.m in Sources */ = {isa = PBXBuildFile; fileRef = 62BFE56422BAEC7F00333A6B /* AnswerCluster.m */; };
		8877BEEDD7979D1008FA1F8D /* Pods_HollywoodGenius.framework in Frameworks */ = {isa = PBXBuildFile; fileRef = 7879FD23AE892D0FDBC3DB01 /* Pods_HollywoodGenius.framework */; };
/* End PBXBuildFile section */

/* Begin PBXFileReference section */
		063EDED922BAE97900136602 /* RootTableViewController.h */ = {isa = PBXFileReference; lastKnownFileType = sourcecode.c.h; path = RootTableViewController.h; sourceTree = "<group>"; };
		063EDEDA22BAE97900136602 /* RootTableViewController.m */ = {isa = PBXFileReference; lastKnownFileType = sourcecode.c.objc; path = RootTableViewController.m; sourceTree = "<group>"; };
		063EDEDC22BAE99900136602 /* RootTableViewCell.h */ = {isa = PBXFileReference; lastKnownFileType = sourcecode.c.h; path = RootTableViewCell.h; sourceTree = "<group>"; };
		063EDEDD22BAE99900136602 /* RootTableViewCell.m */ = {isa = PBXFileReference; lastKnownFileType = sourcecode.c.objc; path = RootTableViewCell.m; sourceTree = "<group>"; };
		063EDEDF22BAE9D600136602 /* PlayingGameViewController.h */ = {isa = PBXFileReference; lastKnownFileType = sourcecode.c.h; path = PlayingGameViewController.h; sourceTree = "<group>"; };
		063EDEE022BAE9D600136602 /* PlayingGameViewController.m */ = {isa = PBXFileReference; lastKnownFileType = sourcecode.c.objc; path = PlayingGameViewController.m; sourceTree = "<group>"; };
		063EDEE222BAF73D00136602 /* GuessAnswersViewCell.h */ = {isa = PBXFileReference; lastKnownFileType = sourcecode.c.h; path = GuessAnswersViewCell.h; sourceTree = "<group>"; };
		063EDEE322BAF73D00136602 /* GuessAnswersViewCell.m */ = {isa = PBXFileReference; lastKnownFileType = sourcecode.c.objc; path = GuessAnswersViewCell.m; sourceTree = "<group>"; };
		06C00CDE22BC83D2004AE816 /* HollywoodGenius-Bridging-Header.h */ = {isa = PBXFileReference; lastKnownFileType = sourcecode.c.h; path = "HollywoodGenius-Bridging-Header.h"; sourceTree = "<group>"; };
		06C00CDF22BC83D2004AE816 /* RLMSupport.swift */ = {isa = PBXFileReference; fileEncoding = 4; lastKnownFileType = sourcecode.swift; path = RLMSupport.swift; sourceTree = "<group>"; };
		06C00CE722BC84E3004AE816 /* RealmManager.h */ = {isa = PBXFileReference; lastKnownFileType = sourcecode.c.h; path = RealmManager.h; sourceTree = "<group>"; };
		06C00CE822BC84E3004AE816 /* RealmManager.m */ = {isa = PBXFileReference; lastKnownFileType = sourcecode.c.objc; path = RealmManager.m; sourceTree = "<group>"; };
		06C00CEA22BC85D3004AE816 /* MovieObject.h */ = {isa = PBXFileReference; lastKnownFileType = sourcecode.c.h; path = MovieObject.h; sourceTree = "<group>"; };
		06C00CEB22BC85D3004AE816 /* MovieObject.m */ = {isa = PBXFileReference; lastKnownFileType = sourcecode.c.objc; path = MovieObject.m; sourceTree = "<group>"; };
		06C00CED22BC866D004AE816 /* Clip.h */ = {isa = PBXFileReference; lastKnownFileType = sourcecode.c.h; path = Clip.h; sourceTree = "<group>"; };
		06C00CEE22BC866D004AE816 /* Clip.m */ = {isa = PBXFileReference; lastKnownFileType = sourcecode.c.objc; path = Clip.m; sourceTree = "<group>"; };
		06C00D0522BD6548004AE816 /* movieQuotes.csv */ = {isa = PBXFileReference; lastKnownFileType = text; path = movieQuotes.csv; sourceTree = "<group>"; };
		0D88A7A78A7CC36FD47E3E32 /* Pods-HollywoodGenius.release.xcconfig */ = {isa = PBXFileReference; includeInIndex = 1; lastKnownFileType = text.xcconfig; name = "Pods-HollywoodGenius.release.xcconfig"; path = "Target Support Files/Pods-HollywoodGenius/Pods-HollywoodGenius.release.xcconfig"; sourceTree = "<group>"; };
		6298879922BB35BB00E0E117 /* AVFoundation.framework */ = {isa = PBXFileReference; lastKnownFileType = wrapper.framework; name = AVFoundation.framework; path = System/Library/Frameworks/AVFoundation.framework; sourceTree = SDKROOT; };
		6298879B22BB35BF00E0E117 /* AVKit.framework */ = {isa = PBXFileReference; lastKnownFileType = wrapper.framework; name = AVKit.framework; path = System/Library/Frameworks/AVKit.framework; sourceTree = SDKROOT; };
		6298879D22BB35CA00E0E117 /* UIKit.framework */ = {isa = PBXFileReference; lastKnownFileType = wrapper.framework; name = UIKit.framework; path = System/Library/Frameworks/UIKit.framework; sourceTree = SDKROOT; };
		6298879F22BB367600E0E117 /* Avatar.mp4 */ = {isa = PBXFileReference; lastKnownFileType = file; path = Avatar.mp4; sourceTree = "<group>"; };
		629887A022BB367600E0E117 /* Predator-3.mp4 */ = {isa = PBXFileReference; lastKnownFileType = file; path = "Predator-3.mp4"; sourceTree = "<group>"; };
		629887A122BB367600E0E117 /* Snakes on a Plane.mp4 */ = {isa = PBXFileReference; lastKnownFileType = file; path = "Snakes on a Plane.mp4"; sourceTree = "<group>"; };
		629887A222BB367600E0E117 /* Predator-1.mp4 */ = {isa = PBXFileReference; lastKnownFileType = file; path = "Predator-1.mp4"; sourceTree = "<group>"; };
		629887A322BB367600E0E117 /* The Big Lebowski.mp4 */ = {isa = PBXFileReference; lastKnownFileType = file; path = "The Big Lebowski.mp4"; sourceTree = "<group>"; };
		629887A422BB367600E0E117 /* Titanic.mp4 */ = {isa = PBXFileReference; lastKnownFileType = file; path = Titanic.mp4; sourceTree = "<group>"; };
		629887A522BB367700E0E117 /* Deadpool.mp4 */ = {isa = PBXFileReference; lastKnownFileType = file; path = Deadpool.mp4; sourceTree = "<group>"; };
		629887A622BB367700E0E117 /* The Princess Bride.mp4 */ = {isa = PBXFileReference; lastKnownFileType = file; path = "The Princess Bride.mp4"; sourceTree = "<group>"; };
		629887A722BB367700E0E117 /* Airplane.mp4 */ = {isa = PBXFileReference; lastKnownFileType = file; path = Airplane.mp4; sourceTree = "<group>"; };
		629887A822BB367700E0E117 /* Zoolander.mp4 */ = {isa = PBXFileReference; lastKnownFileType = file; path = Zoolander.mp4; sourceTree = "<group>"; };
		629887A922BB367700E0E117 /* Indiana Jones and the Last Crusade.mp4 */ = {isa = PBXFileReference; lastKnownFileType = file; path = "Indiana Jones and the Last Crusade.mp4"; sourceTree = "<group>"; };
		629887AA22BB367700E0E117 /* Predator-2.mp4 */ = {isa = PBXFileReference; lastKnownFileType = file; path = "Predator-2.mp4"; sourceTree = "<group>"; };
		629A83E522BAE50C00DDAD3C /* HollywoodGenius.app */ = {isa = PBXFileReference; explicitFileType = wrapper.application; includeInIndex = 0; path = HollywoodGenius.app; sourceTree = BUILT_PRODUCTS_DIR; };
		629A83E822BAE50C00DDAD3C /* AppDelegate.h */ = {isa = PBXFileReference; lastKnownFileType = sourcecode.c.h; path = AppDelegate.h; sourceTree = "<group>"; };
		629A83E922BAE50C00DDAD3C /* AppDelegate.m */ = {isa = PBXFileReference; lastKnownFileType = sourcecode.c.objc; path = AppDelegate.m; sourceTree = "<group>"; };
		629A83EF22BAE50D00DDAD3C /* Base */ = {isa = PBXFileReference; lastKnownFileType = file.storyboard; name = Base; path = Base.lproj/Main.storyboard; sourceTree = "<group>"; };
		629A83F122BAE50D00DDAD3C /* Assets.xcassets */ = {isa = PBXFileReference; lastKnownFileType = folder.assetcatalog; path = Assets.xcassets; sourceTree = "<group>"; };
		629A83F422BAE50D00DDAD3C /* Base */ = {isa = PBXFileReference; lastKnownFileType = file.storyboard; name = Base; path = Base.lproj/LaunchScreen.storyboard; sourceTree = "<group>"; };
		629A83F622BAE50D00DDAD3C /* Info.plist */ = {isa = PBXFileReference; lastKnownFileType = text.plist.xml; path = Info.plist; sourceTree = "<group>"; };
		629A83F722BAE50D00DDAD3C /* main.m */ = {isa = PBXFileReference; lastKnownFileType = sourcecode.c.objc; path = main.m; sourceTree = "<group>"; };
		62BFE55D22BAE87E00333A6B /* Movie.h */ = {isa = PBXFileReference; lastKnownFileType = sourcecode.c.h; path = Movie.h; sourceTree = "<group>"; };
		62BFE55E22BAE87E00333A6B /* Movie.m */ = {isa = PBXFileReference; lastKnownFileType = sourcecode.c.objc; path = Movie.m; sourceTree = "<group>"; };
		62BFE56022BAEB5800333A6B /* AnswerManager.m */ = {isa = PBXFileReference; fileEncoding = 4; lastKnownFileType = sourcecode.c.objc; path = AnswerManager.m; sourceTree = "<group>"; };
		62BFE56122BAEB5800333A6B /* AnswerManager.h */ = {isa = PBXFileReference; fileEncoding = 4; lastKnownFileType = sourcecode.c.h; path = AnswerManager.h; sourceTree = "<group>"; };
		62BFE56322BAEC7F00333A6B /* AnswerCluster.h */ = {isa = PBXFileReference; fileEncoding = 4; lastKnownFileType = sourcecode.c.h; path = AnswerCluster.h; sourceTree = "<group>"; };
		62BFE56422BAEC7F00333A6B /* AnswerCluster.m */ = {isa = PBXFileReference; fileEncoding = 4; lastKnownFileType = sourcecode.c.objc; path = AnswerCluster.m; sourceTree = "<group>"; };
		7879FD23AE892D0FDBC3DB01 /* Pods_HollywoodGenius.framework */ = {isa = PBXFileReference; explicitFileType = wrapper.framework; includeInIndex = 0; path = Pods_HollywoodGenius.framework; sourceTree = BUILT_PRODUCTS_DIR; };
		D2D8D681069E6274BFF0BAE2 /* Pods-HollywoodGenius.debug.xcconfig */ = {isa = PBXFileReference; includeInIndex = 1; lastKnownFileType = text.xcconfig; name = "Pods-HollywoodGenius.debug.xcconfig"; path = "Target Support Files/Pods-HollywoodGenius/Pods-HollywoodGenius.debug.xcconfig"; sourceTree = "<group>"; };
/* End PBXFileReference section */

/* Begin PBXFrameworksBuildPhase section */
		629A83E222BAE50C00DDAD3C /* Frameworks */ = {
			isa = PBXFrameworksBuildPhase;
			buildActionMask = 2147483647;
			files = (
				6298879E22BB35CA00E0E117 /* UIKit.framework in Frameworks */,
				6298879C22BB35BF00E0E117 /* AVKit.framework in Frameworks */,
				6298879A22BB35BB00E0E117 /* AVFoundation.framework in Frameworks */,
				8877BEEDD7979D1008FA1F8D /* Pods_HollywoodGenius.framework in Frameworks */,
			);
			runOnlyForDeploymentPostprocessing = 0;
		};
/* End PBXFrameworksBuildPhase section */

/* Begin PBXGroup section */
		6298879822BB35BA00E0E117 /* Frameworks */ = {
			isa = PBXGroup;
			children = (
				6298879D22BB35CA00E0E117 /* UIKit.framework */,
				6298879B22BB35BF00E0E117 /* AVKit.framework */,
				6298879922BB35BB00E0E117 /* AVFoundation.framework */,
				7879FD23AE892D0FDBC3DB01 /* Pods_HollywoodGenius.framework */,
			);
			name = Frameworks;
			sourceTree = "<group>";
		};
		629A83DC22BAE50C00DDAD3C = {
			isa = PBXGroup;
			children = (
				06C00D0522BD6548004AE816 /* movieQuotes.csv */,
				629A83E722BAE50C00DDAD3C /* HollywoodGenius */,
				629A83E622BAE50C00DDAD3C /* Products */,
				6298879822BB35BA00E0E117 /* Frameworks */,
				855F4E48617377D0625A16DF /* Pods */,
			);
			sourceTree = "<group>";
		};
		629A83E622BAE50C00DDAD3C /* Products */ = {
			isa = PBXGroup;
			children = (
				629A83E522BAE50C00DDAD3C /* HollywoodGenius.app */,
			);
			name = Products;
			sourceTree = "<group>";
		};
		629A83E722BAE50C00DDAD3C /* HollywoodGenius */ = {
			isa = PBXGroup;
			children = (
				06C00CDF22BC83D2004AE816 /* RLMSupport.swift */,
				629A83E822BAE50C00DDAD3C /* AppDelegate.h */,
				629A83E922BAE50C00DDAD3C /* AppDelegate.m */,
				62BFE55D22BAE87E00333A6B /* Movie.h */,
				62BFE55E22BAE87E00333A6B /* Movie.m */,
				62BFE56122BAEB5800333A6B /* AnswerManager.h */,
				62BFE56022BAEB5800333A6B /* AnswerManager.m */,
				62BFE56322BAEC7F00333A6B /* AnswerCluster.h */,
				62BFE56422BAEC7F00333A6B /* AnswerCluster.m */,
				063EDED922BAE97900136602 /* RootTableViewController.h */,
				063EDEDA22BAE97900136602 /* RootTableViewController.m */,
				063EDEDC22BAE99900136602 /* RootTableViewCell.h */,
				063EDEDD22BAE99900136602 /* RootTableViewCell.m */,
				063EDEDF22BAE9D600136602 /* PlayingGameViewController.h */,
				063EDEE022BAE9D600136602 /* PlayingGameViewController.m */,
				063EDEE222BAF73D00136602 /* GuessAnswersViewCell.h */,
				063EDEE322BAF73D00136602 /* GuessAnswersViewCell.m */,
				629A83EE22BAE50D00DDAD3C /* Main.storyboard */,
				629A83F122BAE50D00DDAD3C /* Assets.xcassets */,
				629A83F322BAE50D00DDAD3C /* LaunchScreen.storyboard */,
				629A83F622BAE50D00DDAD3C /* Info.plist */,
				629A83F722BAE50D00DDAD3C /* main.m */,
				629887A722BB367700E0E117 /* Airplane.mp4 */,
				6298879F22BB367600E0E117 /* Avatar.mp4 */,
				629887A522BB367700E0E117 /* Deadpool.mp4 */,
				629887A922BB367700E0E117 /* Indiana Jones and the Last Crusade.mp4 */,
				629887A222BB367600E0E117 /* Predator-1.mp4 */,
				629887AA22BB367700E0E117 /* Predator-2.mp4 */,
				629887A022BB367600E0E117 /* Predator-3.mp4 */,
				629887A122BB367600E0E117 /* Snakes on a Plane.mp4 */,
				629887A322BB367600E0E117 /* The Big Lebowski.mp4 */,
				629887A622BB367700E0E117 /* The Princess Bride.mp4 */,
				629887A422BB367600E0E117 /* Titanic.mp4 */,
				629887A822BB367700E0E117 /* Zoolander.mp4 */,
				06C00CE722BC84E3004AE816 /* RealmManager.h */,
				06C00CE822BC84E3004AE816 /* RealmManager.m */,
				06C00CEA22BC85D3004AE816 /* MovieObject.h */,
				06C00CEB22BC85D3004AE816 /* MovieObject.m */,
				06C00CED22BC866D004AE816 /* Clip.h */,
				06C00CEE22BC866D004AE816 /* Clip.m */,
				06C00CDE22BC83D2004AE816 /* HollywoodGenius-Bridging-Header.h */,
			);
			path = HollywoodGenius;
			sourceTree = "<group>";
		};
		855F4E48617377D0625A16DF /* Pods */ = {
			isa = PBXGroup;
			children = (
				D2D8D681069E6274BFF0BAE2 /* Pods-HollywoodGenius.debug.xcconfig */,
				0D88A7A78A7CC36FD47E3E32 /* Pods-HollywoodGenius.release.xcconfig */,
			);
			path = Pods;
			sourceTree = "<group>";
		};
/* End PBXGroup section */

/* Begin PBXNativeTarget section */
		629A83E422BAE50C00DDAD3C /* HollywoodGenius */ = {
			isa = PBXNativeTarget;
			buildConfigurationList = 629A83FB22BAE50D00DDAD3C /* Build configuration list for PBXNativeTarget "HollywoodGenius" */;
			buildPhases = (
				D2C05B6C21517655586F7D7C /* [CP] Check Pods Manifest.lock */,
				629A83E122BAE50C00DDAD3C /* Sources */,
				629A83E222BAE50C00DDAD3C /* Frameworks */,
				629A83E322BAE50C00DDAD3C /* Resources */,
				C5F9D982D44DBA2CF3D435F5 /* [CP] Embed Pods Frameworks */,
			);
			buildRules = (
			);
			dependencies = (
			);
			name = HollywoodGenius;
			productName = HollywoodGenius;
			productReference = 629A83E522BAE50C00DDAD3C /* HollywoodGenius.app */;
			productType = "com.apple.product-type.application";
		};
/* End PBXNativeTarget section */

/* Begin PBXProject section */
		629A83DD22BAE50C00DDAD3C /* Project object */ = {
			isa = PBXProject;
			attributes = {
				LastUpgradeCheck = 1020;
				ORGANIZATIONNAME = "Cameron Mcleod";
				TargetAttributes = {
					629A83E422BAE50C00DDAD3C = {
						CreatedOnToolsVersion = 10.2.1;
						LastSwiftMigration = 1020;
					};
				};
			};
			buildConfigurationList = 629A83E022BAE50C00DDAD3C /* Build configuration list for PBXProject "HollywoodGenius" */;
			compatibilityVersion = "Xcode 9.3";
			developmentRegion = en;
			hasScannedForEncodings = 0;
			knownRegions = (
				en,
				Base,
			);
			mainGroup = 629A83DC22BAE50C00DDAD3C;
			productRefGroup = 629A83E622BAE50C00DDAD3C /* Products */;
			projectDirPath = "";
			projectRoot = "";
			targets = (
				629A83E422BAE50C00DDAD3C /* HollywoodGenius */,
			);
		};
/* End PBXProject section */

/* Begin PBXResourcesBuildPhase section */
		629A83E322BAE50C00DDAD3C /* Resources */ = {
			isa = PBXResourcesBuildPhase;
			buildActionMask = 2147483647;
			files = (
				06C00D0622BD6548004AE816 /* movieQuotes.csv in Resources */,
				629887AB22BB367700E0E117 /* Avatar.mp4 in Resources */,
				629887AD22BB367700E0E117 /* Snakes on a Plane.mp4 in Resources */,
				629887AE22BB367700E0E117 /* Predator-1.mp4 in Resources */,
				629887B422BB367700E0E117 /* Zoolander.mp4 in Resources */,
				629887B622BB367700E0E117 /* Predator-2.mp4 in Resources */,
				629887B222BB367700E0E117 /* The Princess Bride.mp4 in Resources */,
				6298879622BB355700E0E117 /* Assets.xcassets in Resources */,
				629A83F522BAE50D00DDAD3C /* LaunchScreen.storyboard in Resources */,
				629A83F022BAE50D00DDAD3C /* Main.storyboard in Resources */,
				629887B322BB367700E0E117 /* Airplane.mp4 in Resources */,
				629887AF22BB367700E0E117 /* The Big Lebowski.mp4 in Resources */,
				629887AC22BB367700E0E117 /* Predator-3.mp4 in Resources */,
				629887B522BB367700E0E117 /* Indiana Jones and the Last Crusade.mp4 in Resources */,
				629887B022BB367700E0E117 /* Titanic.mp4 in Resources */,
				629887B122BB367700E0E117 /* Deadpool.mp4 in Resources */,
			);
			runOnlyForDeploymentPostprocessing = 0;
		};
/* End PBXResourcesBuildPhase section */

/* Begin PBXShellScriptBuildPhase section */
		C5F9D982D44DBA2CF3D435F5 /* [CP] Embed Pods Frameworks */ = {
			isa = PBXShellScriptBuildPhase;
			buildActionMask = 2147483647;
			files = (
			);
			inputFileListPaths = (
				"${PODS_ROOT}/Target Support Files/Pods-HollywoodGenius/Pods-HollywoodGenius-frameworks-${CONFIGURATION}-input-files.xcfilelist",
			);
			name = "[CP] Embed Pods Frameworks";
			outputFileListPaths = (
				"${PODS_ROOT}/Target Support Files/Pods-HollywoodGenius/Pods-HollywoodGenius-frameworks-${CONFIGURATION}-output-files.xcfilelist",
			);
			runOnlyForDeploymentPostprocessing = 0;
			shellPath = /bin/sh;
			shellScript = "\"${PODS_ROOT}/Target Support Files/Pods-HollywoodGenius/Pods-HollywoodGenius-frameworks.sh\"\n";
			showEnvVarsInLog = 0;
		};
		D2C05B6C21517655586F7D7C /* [CP] Check Pods Manifest.lock */ = {
			isa = PBXShellScriptBuildPhase;
			buildActionMask = 2147483647;
			files = (
			);
			inputFileListPaths = (
			);
			inputPaths = (
				"${PODS_PODFILE_DIR_PATH}/Podfile.lock",
				"${PODS_ROOT}/Manifest.lock",
			);
			name = "[CP] Check Pods Manifest.lock";
			outputFileListPaths = (
			);
			outputPaths = (
				"$(DERIVED_FILE_DIR)/Pods-HollywoodGenius-checkManifestLockResult.txt",
			);
			runOnlyForDeploymentPostprocessing = 0;
			shellPath = /bin/sh;
			shellScript = "diff \"${PODS_PODFILE_DIR_PATH}/Podfile.lock\" \"${PODS_ROOT}/Manifest.lock\" > /dev/null\nif [ $? != 0 ] ; then\n    # print error to STDERR\n    echo \"error: The sandbox is not in sync with the Podfile.lock. Run 'pod install' or update your CocoaPods installation.\" >&2\n    exit 1\nfi\n# This output is used by Xcode 'outputs' to avoid re-running this script phase.\necho \"SUCCESS\" > \"${SCRIPT_OUTPUT_FILE_0}\"\n";
			showEnvVarsInLog = 0;
		};
/* End PBXShellScriptBuildPhase section */

/* Begin PBXSourcesBuildPhase section */
		629A83E122BAE50C00DDAD3C /* Sources */ = {
			isa = PBXSourcesBuildPhase;
			buildActionMask = 2147483647;
			files = (
				06C00CEF22BC866D004AE816 /* Clip.m in Sources */,
				063EDEE422BAF73D00136602 /* GuessAnswersViewCell.m in Sources */,
				063EDEDB22BAE97900136602 /* RootTableViewController.m in Sources */,
				063EDEE122BAE9D600136602 /* PlayingGameViewController.m in Sources */,
				06C00CEC22BC85D3004AE816 /* MovieObject.m in Sources */,
				06C00CE922BC84E3004AE816 /* RealmManager.m in Sources */,
				063EDEDE22BAE99900136602 /* RootTableViewCell.m in Sources */,
				62BFE56222BAEB5800333A6B /* AnswerManager.m in Sources */,
				629A83F822BAE50D00DDAD3C /* main.m in Sources */,
				62BFE56522BAEC7F00333A6B /* AnswerCluster.m in Sources */,
				06C00CE022BC83D3004AE816 /* RLMSupport.swift in Sources */,
				62BFE55F22BAE87E00333A6B /* Movie.m in Sources */,
				629A83EA22BAE50D00DDAD3C /* AppDelegate.m in Sources */,
			);
			runOnlyForDeploymentPostprocessing = 0;
		};
/* End PBXSourcesBuildPhase section */

/* Begin PBXVariantGroup section */
		629A83EE22BAE50D00DDAD3C /* Main.storyboard */ = {
			isa = PBXVariantGroup;
			children = (
				629A83EF22BAE50D00DDAD3C /* Base */,
			);
			name = Main.storyboard;
			sourceTree = "<group>";
		};
		629A83F322BAE50D00DDAD3C /* LaunchScreen.storyboard */ = {
			isa = PBXVariantGroup;
			children = (
				629A83F422BAE50D00DDAD3C /* Base */,
			);
			name = LaunchScreen.storyboard;
			sourceTree = "<group>";
		};
/* End PBXVariantGroup section */

/* Begin XCBuildConfiguration section */
		629A83F922BAE50D00DDAD3C /* Debug */ = {
			isa = XCBuildConfiguration;
			buildSettings = {
				ALWAYS_SEARCH_USER_PATHS = NO;
				CLANG_ANALYZER_NONNULL = YES;
				CLANG_ANALYZER_NUMBER_OBJECT_CONVERSION = YES_AGGRESSIVE;
				CLANG_CXX_LANGUAGE_STANDARD = "gnu++14";
				CLANG_CXX_LIBRARY = "libc++";
				CLANG_ENABLE_MODULES = YES;
				CLANG_ENABLE_OBJC_ARC = YES;
				CLANG_ENABLE_OBJC_WEAK = YES;
				CLANG_WARN_BLOCK_CAPTURE_AUTORELEASING = YES;
				CLANG_WARN_BOOL_CONVERSION = YES;
				CLANG_WARN_COMMA = YES;
				CLANG_WARN_CONSTANT_CONVERSION = YES;
				CLANG_WARN_DEPRECATED_OBJC_IMPLEMENTATIONS = YES;
				CLANG_WARN_DIRECT_OBJC_ISA_USAGE = YES_ERROR;
				CLANG_WARN_DOCUMENTATION_COMMENTS = YES;
				CLANG_WARN_EMPTY_BODY = YES;
				CLANG_WARN_ENUM_CONVERSION = YES;
				CLANG_WARN_INFINITE_RECURSION = YES;
				CLANG_WARN_INT_CONVERSION = YES;
				CLANG_WARN_NON_LITERAL_NULL_CONVERSION = YES;
				CLANG_WARN_OBJC_IMPLICIT_RETAIN_SELF = YES;
				CLANG_WARN_OBJC_LITERAL_CONVERSION = YES;
				CLANG_WARN_OBJC_ROOT_CLASS = YES_ERROR;
				CLANG_WARN_RANGE_LOOP_ANALYSIS = YES;
				CLANG_WARN_STRICT_PROTOTYPES = YES;
				CLANG_WARN_SUSPICIOUS_MOVE = YES;
				CLANG_WARN_UNGUARDED_AVAILABILITY = YES_AGGRESSIVE;
				CLANG_WARN_UNREACHABLE_CODE = YES;
				CLANG_WARN__DUPLICATE_METHOD_MATCH = YES;
				CODE_SIGN_IDENTITY = "iPhone Developer";
				COPY_PHASE_STRIP = NO;
				DEBUG_INFORMATION_FORMAT = dwarf;
				ENABLE_STRICT_OBJC_MSGSEND = YES;
				ENABLE_TESTABILITY = YES;
				GCC_C_LANGUAGE_STANDARD = gnu11;
				GCC_DYNAMIC_NO_PIC = NO;
				GCC_NO_COMMON_BLOCKS = YES;
				GCC_OPTIMIZATION_LEVEL = 0;
				GCC_PREPROCESSOR_DEFINITIONS = (
					"DEBUG=1",
					"$(inherited)",
				);
				GCC_WARN_64_TO_32_BIT_CONVERSION = YES;
				GCC_WARN_ABOUT_RETURN_TYPE = YES_ERROR;
				GCC_WARN_UNDECLARED_SELECTOR = YES;
				GCC_WARN_UNINITIALIZED_AUTOS = YES_AGGRESSIVE;
				GCC_WARN_UNUSED_FUNCTION = YES;
				GCC_WARN_UNUSED_VARIABLE = YES;
				IPHONEOS_DEPLOYMENT_TARGET = 12.2;
				MTL_ENABLE_DEBUG_INFO = INCLUDE_SOURCE;
				MTL_FAST_MATH = YES;
				ONLY_ACTIVE_ARCH = YES;
				SDKROOT = iphoneos;
			};
			name = Debug;
		};
		629A83FA22BAE50D00DDAD3C /* Release */ = {
			isa = XCBuildConfiguration;
			buildSettings = {
				ALWAYS_SEARCH_USER_PATHS = NO;
				CLANG_ANALYZER_NONNULL = YES;
				CLANG_ANALYZER_NUMBER_OBJECT_CONVERSION = YES_AGGRESSIVE;
				CLANG_CXX_LANGUAGE_STANDARD = "gnu++14";
				CLANG_CXX_LIBRARY = "libc++";
				CLANG_ENABLE_MODULES = YES;
				CLANG_ENABLE_OBJC_ARC = YES;
				CLANG_ENABLE_OBJC_WEAK = YES;
				CLANG_WARN_BLOCK_CAPTURE_AUTORELEASING = YES;
				CLANG_WARN_BOOL_CONVERSION = YES;
				CLANG_WARN_COMMA = YES;
				CLANG_WARN_CONSTANT_CONVERSION = YES;
				CLANG_WARN_DEPRECATED_OBJC_IMPLEMENTATIONS = YES;
				CLANG_WARN_DIRECT_OBJC_ISA_USAGE = YES_ERROR;
				CLANG_WARN_DOCUMENTATION_COMMENTS = YES;
				CLANG_WARN_EMPTY_BODY = YES;
				CLANG_WARN_ENUM_CONVERSION = YES;
				CLANG_WARN_INFINITE_RECURSION = YES;
				CLANG_WARN_INT_CONVERSION = YES;
				CLANG_WARN_NON_LITERAL_NULL_CONVERSION = YES;
				CLANG_WARN_OBJC_IMPLICIT_RETAIN_SELF = YES;
				CLANG_WARN_OBJC_LITERAL_CONVERSION = YES;
				CLANG_WARN_OBJC_ROOT_CLASS = YES_ERROR;
				CLANG_WARN_RANGE_LOOP_ANALYSIS = YES;
				CLANG_WARN_STRICT_PROTOTYPES = YES;
				CLANG_WARN_SUSPICIOUS_MOVE = YES;
				CLANG_WARN_UNGUARDED_AVAILABILITY = YES_AGGRESSIVE;
				CLANG_WARN_UNREACHABLE_CODE = YES;
				CLANG_WARN__DUPLICATE_METHOD_MATCH = YES;
				CODE_SIGN_IDENTITY = "iPhone Developer";
				COPY_PHASE_STRIP = NO;
				DEBUG_INFORMATION_FORMAT = "dwarf-with-dsym";
				ENABLE_NS_ASSERTIONS = NO;
				ENABLE_STRICT_OBJC_MSGSEND = YES;
				GCC_C_LANGUAGE_STANDARD = gnu11;
				GCC_NO_COMMON_BLOCKS = YES;
				GCC_WARN_64_TO_32_BIT_CONVERSION = YES;
				GCC_WARN_ABOUT_RETURN_TYPE = YES_ERROR;
				GCC_WARN_UNDECLARED_SELECTOR = YES;
				GCC_WARN_UNINITIALIZED_AUTOS = YES_AGGRESSIVE;
				GCC_WARN_UNUSED_FUNCTION = YES;
				GCC_WARN_UNUSED_VARIABLE = YES;
				IPHONEOS_DEPLOYMENT_TARGET = 12.2;
				MTL_ENABLE_DEBUG_INFO = NO;
				MTL_FAST_MATH = YES;
				SDKROOT = iphoneos;
				VALIDATE_PRODUCT = YES;
			};
			name = Release;
		};
		629A83FC22BAE50D00DDAD3C /* Debug */ = {
			isa = XCBuildConfiguration;
			baseConfigurationReference = D2D8D681069E6274BFF0BAE2 /* Pods-HollywoodGenius.debug.xcconfig */;
			buildSettings = {
				ASSETCATALOG_COMPILER_APPICON_NAME = AppIcon;
				CLANG_ENABLE_MODULES = YES;
				CODE_SIGN_STYLE = Automatic;
				DEVELOPMENT_TEAM = 79VHH58USY;
				INFOPLIST_FILE = HollywoodGenius/Info.plist;
				LD_RUNPATH_SEARCH_PATHS = (
					"$(inherited)",
					"@executable_path/Frameworks",
				);
				PRODUCT_BUNDLE_IDENTIFIER = Lighthouse.HollywoodGenius;
				PRODUCT_NAME = "$(TARGET_NAME)";
				SWIFT_OBJC_BRIDGING_HEADER = "HollywoodGenius/HollywoodGenius-Bridging-Header.h";
				SWIFT_OPTIMIZATION_LEVEL = "-Onone";
				SWIFT_VERSION = 5.0;
				TARGETED_DEVICE_FAMILY = "1,2";
			};
			name = Debug;
		};
		629A83FD22BAE50D00DDAD3C /* Release */ = {
			isa = XCBuildConfiguration;
			baseConfigurationReference = 0D88A7A78A7CC36FD47E3E32 /* Pods-HollywoodGenius.release.xcconfig */;
			buildSettings = {
				ASSETCATALOG_COMPILER_APPICON_NAME = AppIcon;
				CLANG_ENABLE_MODULES = YES;
				CODE_SIGN_STYLE = Automatic;
				DEVELOPMENT_TEAM = 79VHH58USY;
				INFOPLIST_FILE = HollywoodGenius/Info.plist;
				LD_RUNPATH_SEARCH_PATHS = (
					"$(inherited)",
					"@executable_path/Frameworks",
				);
				PRODUCT_BUNDLE_IDENTIFIER = Lighthouse.HollywoodGenius;
				PRODUCT_NAME = "$(TARGET_NAME)";
				SWIFT_OBJC_BRIDGING_HEADER = "HollywoodGenius/HollywoodGenius-Bridging-Header.h";
				SWIFT_VERSION = 5.0;
				TARGETED_DEVICE_FAMILY = "1,2";
			};
			name = Release;
		};
/* End XCBuildConfiguration section */

/* Begin XCConfigurationList section */
		629A83E022BAE50C00DDAD3C /* Build configuration list for PBXProject "HollywoodGenius" */ = {
			isa = XCConfigurationList;
			buildConfigurations = (
				629A83F922BAE50D00DDAD3C /* Debug */,
				629A83FA22BAE50D00DDAD3C /* Release */,
			);
			defaultConfigurationIsVisible = 0;
			defaultConfigurationName = Release;
		};
		629A83FB22BAE50D00DDAD3C /* Build configuration list for PBXNativeTarget "HollywoodGenius" */ = {
			isa = XCConfigurationList;
			buildConfigurations = (
				629A83FC22BAE50D00DDAD3C /* Debug */,
				629A83FD22BAE50D00DDAD3C /* Release */,
			);
			defaultConfigurationIsVisible = 0;
			defaultConfigurationName = Release;
		};
/* End XCConfigurationList section */
	};
	rootObject = 629A83DD22BAE50C00DDAD3C /* Project object */;
}
